
Microsoft Visual Studio Solution File, Format Version 12.00
# Visual Studio Version 17
VisualStudioVersion = 17.6.33815.320
MinimumVisualStudioVersion = 10.0.40219.1
Project("{FAE04EC0-301F-11D3-BF4B-00C04F79EFBC}") = "MvcMovie", "MvcMovie.csproj", "{0B4FDEA4-A5FA-4FD6-A5B4-50BC264573D6}"
EndProject
Global
	GlobalSection(SolutionConfigurationPlatforms) = preSolution
		Debug|Any CPU = Debug|Any CPU
		Release|Any CPU = Release|Any CPU
	EndGlobalSection
	GlobalSection(ProjectConfigurationPlatforms) = postSolution
		{0B4FDEA4-A5FA-4FD6-A5B4-50BC264573D6}.Debug|Any CPU.ActiveCfg = Debug|Any CPU
		{0B4FDEA4-A5FA-4FD6-A5B4-50BC264573D6}.Debug|Any CPU.Build.0 = Debug|Any CPU
		{0B4FDEA4-A5FA-4FD6-A5B4-50BC264573D6}.Release|Any CPU.ActiveCfg = Release|Any CPU
		{0B4FDEA4-A5FA-4FD6-A5B4-50BC264573D6}.Release|Any CPU.Build.0 = Release|Any CPU
	EndGlobalSection
	GlobalSection(SolutionProperties) = preSolution
		HideSolutionNode = FALSE
	EndGlobalSection
	GlobalSection(ExtensibilityGlobals) = postSolution
		SolutionGuid = {7DC8B95D-25D7-48D9-A550-F84507C7872C}
	EndGlobalSection
EndGlobal
